
Microsoft Visual Studio Solution File, Format Version 12.00
# Visual Studio 2017
Project("{FAE04EC0-301F-11D3-BF4B-00C04F79EFBC}") = "RPG-SPELE-TEST.Plugins", "RPG-SPELE-TEST.Plugins.csproj", "{06B23CBB-8E87-A8DE-DD7A-7AFDFEA3FA61}"
EndProject
Project("{FAE04EC0-301F-11D3-BF4B-00C04F79EFBC}") = "RPG-SPELE-TEST", "RPG-SPELE-TEST.csproj", "{2993D183-6A8E-464C-7363-DCD9CC80D733}"
EndProject
Project("{FAE04EC0-301F-11D3-BF4B-00C04F79EFBC}") = "RPG-SPELE-TEST.Editor.Plugins", "RPG-SPELE-TEST.Editor.Plugins.csproj", "{0ACE342C-0442-5CF9-A075-03EBC8037733}"
EndProject
Global
	GlobalSection(SolutionConfigurationPlatforms) = preSolution
		Debug|Any CPU = Debug|Any CPU
		Release|Any CPU = Release|Any CPU
	EndGlobalSection
	GlobalSection(ProjectConfigurationPlatforms) = postSolution
		{06B23CBB-8E87-A8DE-DD7A-7AFDFEA3FA61}.Debug|Any CPU.ActiveCfg = Debug|Any CPU
		{06B23CBB-8E87-A8DE-DD7A-7AFDFEA3FA61}.Debug|Any CPU.Build.0 = Debug|Any CPU
		{06B23CBB-8E87-A8DE-DD7A-7AFDFEA3FA61}.Release|Any CPU.ActiveCfg = Release|Any CPU
		{06B23CBB-8E87-A8DE-DD7A-7AFDFEA3FA61}.Release|Any CPU.Build.0 = Release|Any CPU
		{2993D183-6A8E-464C-7363-DCD9CC80D733}.Debug|Any CPU.ActiveCfg = Debug|Any CPU
		{2993D183-6A8E-464C-7363-DCD9CC80D733}.Debug|Any CPU.Build.0 = Debug|Any CPU
		{2993D183-6A8E-464C-7363-DCD9CC80D733}.Release|Any CPU.ActiveCfg = Release|Any CPU
		{2993D183-6A8E-464C-7363-DCD9CC80D733}.Release|Any CPU.Build.0 = Release|Any CPU
		{0ACE342C-0442-5CF9-A075-03EBC8037733}.Debug|Any CPU.ActiveCfg = Debug|Any CPU
		{0ACE342C-0442-5CF9-A075-03EBC8037733}.Debug|Any CPU.Build.0 = Debug|Any CPU
		{0ACE342C-0442-5CF9-A075-03EBC8037733}.Release|Any CPU.ActiveCfg = Release|Any CPU
		{0ACE342C-0442-5CF9-A075-03EBC8037733}.Release|Any CPU.Build.0 = Release|Any CPU
	EndGlobalSection
	GlobalSection(SolutionProperties) = preSolution
		HideSolutionNode = FALSE
	EndGlobalSection
EndGlobal
